// !$*UTF8*$!
{
	archiveVersion = 1;
	classes = {
	};
	objectVersion = 77;
	objects = {

/* Begin PBXBuildFile section */
		0DD8851299264F06D71CAFBD /* CategoryStepViews.swift in Sources */ = {isa = PBXBuildFile; fileRef = 353779BF23E7394904908994 /* CategoryStepViews.swift */; };
		19410F0E49AC94A108B65626 /* ContactUsView.swift in Sources */ = {isa = PBXBuildFile; fileRef = 4FC0B2F0A0F403A956DEE0A5 /* ContactUsView.swift */; };
		4747A9F40298D95A28FA3AB6 /* OnboardingModels.swift in Sources */ = {isa = PBXBuildFile; fileRef = 10410F85FC7CF131F5777997 /* OnboardingModels.swift */; };
		4A2DE2286AAECE268F56A599 /* FilterModels.swift in Sources */ = {isa = PBXBuildFile; fileRef = 5CD9B5D9D35840A4FA4231F3 /* FilterModels.swift */; };
		4F08B4212F71DBC5ECB79D48 /* PrivacySettingsView.swift in Sources */ = {isa = PBXBuildFile; fileRef = 7FAAFB2735DC2B0B981F7010 /* PrivacySettingsView.swift */; };
		6A98A1AB2F138DCC00377F38 /* Clerk in Frameworks */ = {isa = PBXBuildFile; productRef = 6A98A1AA2F138DCC00377F38 /* Clerk */; };
		75F00618D49EA736CE68C101 /* FinalStepView.swift in Sources */ = {isa = PBXBuildFile; fileRef = FDE3CBDC599053B314D4DA66 /* FinalStepView.swift */; };
		97498C7712CFF98CFA81A747 /* ProfilePlaceComponents.swift in Sources */ = {isa = PBXBuildFile; fileRef = 1E52CF298215CD881C7C05C6 /* ProfilePlaceComponents.swift */; };
		C047897A996DCFECA7133AC6 /* FilterComponents.swift in Sources */ = {isa = PBXBuildFile; fileRef = E5FB0DB6D598DD962A1BD242 /* FilterComponents.swift */; };
		CA74D034BD92527921DC1554 /* HelpCenterView.swift in Sources */ = {isa = PBXBuildFile; fileRef = 502FF417E57171F87FB6F1B1 /* HelpCenterView.swift */; };
		E75DABFC940A0F2C75800F6A /* ForYouViewModel.swift in Sources */ = {isa = PBXBuildFile; fileRef = 1556FAE5EA8CBD0A33EC12B2 /* ForYouViewModel.swift */; };
		ED483939FA90EEF69635BBB3 /* SharedPlacesView.swift in Sources */ = {isa = PBXBuildFile; fileRef = 463781B8F234F6A4A7736F92 /* SharedPlacesView.swift */; };
/* End PBXBuildFile section */

/* Begin PBXFileReference section */
		10410F85FC7CF131F5777997 /* OnboardingModels.swift */ = {isa = PBXFileReference; includeInIndex = 1; lastKnownFileType = sourcecode.swift; name = OnboardingModels.swift; path = "ping-application/Features/Auth/Onboarding/OnboardingModels.swift"; sourceTree = "<group>"; };
		1556FAE5EA8CBD0A33EC12B2 /* ForYouViewModel.swift */ = {isa = PBXFileReference; includeInIndex = 1; lastKnownFileType = sourcecode.swift; name = ForYouViewModel.swift; path = "ping-application/Features/Home/ForYouViewModel.swift"; sourceTree = "<group>"; };
		1E52CF298215CD881C7C05C6 /* ProfilePlaceComponents.swift */ = {isa = PBXFileReference; includeInIndex = 1; lastKnownFileType = sourcecode.swift; name = ProfilePlaceComponents.swift; path = "ping-application/Features/Profile/Components/ProfilePlaceComponents.swift"; sourceTree = "<group>"; };
		353779BF23E7394904908994 /* CategoryStepViews.swift */ = {isa = PBXFileReference; includeInIndex = 1; lastKnownFileType = sourcecode.swift; name = CategoryStepViews.swift; path = "ping-application/Features/Auth/Onboarding/Components/CategoryStepViews.swift"; sourceTree = "<group>"; };
		463781B8F234F6A4A7736F92 /* SharedPlacesView.swift */ = {isa = PBXFileReference; includeInIndex = 1; lastKnownFileType = sourcecode.swift; name = SharedPlacesView.swift; path = "ping-application/Features/Profile/Components/SharedPlacesView.swift"; sourceTree = "<group>"; };
		4FC0B2F0A0F403A956DEE0A5 /* ContactUsView.swift */ = {isa = PBXFileReference; includeInIndex = 1; lastKnownFileType = sourcecode.swift; name = ContactUsView.swift; path = "ping-application/Features/Settings/ContactUsView.swift"; sourceTree = "<group>"; };
		502FF417E57171F87FB6F1B1 /* HelpCenterView.swift */ = {isa = PBXFileReference; includeInIndex = 1; lastKnownFileType = sourcecode.swift; name = HelpCenterView.swift; path = "ping-application/Features/Settings/HelpCenterView.swift"; sourceTree = "<group>"; };
		5CD9B5D9D35840A4FA4231F3 /* FilterModels.swift */ = {isa = PBXFileReference; includeInIndex = 1; lastKnownFileType = sourcecode.swift; name = FilterModels.swift; path = "ping-application/Features/Home/FilterModels.swift"; sourceTree = "<group>"; };
		6A0DD3AC2EE0685600E39076 /* ping-application.app */ = {isa = PBXFileReference; explicitFileType = wrapper.application; includeInIndex = 0; path = "ping-application.app"; sourceTree = BUILT_PRODUCTS_DIR; };
		7FAAFB2735DC2B0B981F7010 /* PrivacySettingsView.swift */ = {isa = PBXFileReference; includeInIndex = 1; lastKnownFileType = sourcecode.swift; name = PrivacySettingsView.swift; path = "ping-application/Features/Settings/PrivacySettingsView.swift"; sourceTree = "<group>"; };
		E5FB0DB6D598DD962A1BD242 /* FilterComponents.swift */ = {isa = PBXFileReference; includeInIndex = 1; lastKnownFileType = sourcecode.swift; name = FilterComponents.swift; path = "ping-application/Features/Home/FilterComponents.swift"; sourceTree = "<group>"; };
		FDE3CBDC599053B314D4DA66 /* FinalStepView.swift */ = {isa = PBXFileReference; includeInIndex = 1; lastKnownFileType = sourcecode.swift; name = FinalStepView.swift; path = "ping-application/Features/Auth/Onboarding/Components/FinalStepView.swift"; sourceTree = "<group>"; };
/* End PBXFileReference section */

/* Begin PBXFileSystemSynchronizedBuildFileExceptionSet section */
		6A0DD3BA2EE0685700E39076 /* Exceptions for "ping-application" folder in "ping-application" target */ = {
			isa = PBXFileSystemSynchronizedBuildFileExceptionSet;
			membershipExceptions = (
				.gitignore,
				build.log,
			);
			target = 6A0DD3AB2EE0685600E39076 /* ping-application */;
		};
/* End PBXFileSystemSynchronizedBuildFileExceptionSet section */

/* Begin PBXFileSystemSynchronizedRootGroup section */
		6A0DD3AE2EE0685600E39076 /* ping-application */ = {
			isa = PBXFileSystemSynchronizedRootGroup;
			exceptions = (
				6A0DD3BA2EE0685700E39076 /* Exceptions for "ping-application" folder in "ping-application" target */,
			);
			path = "ping-application";
			sourceTree = "<group>";
		};
/* End PBXFileSystemSynchronizedRootGroup section */

/* Begin PBXFrameworksBuildPhase section */
		6A0DD3A92EE0685600E39076 /* Frameworks */ = {
			isa = PBXFrameworksBuildPhase;
			buildActionMask = 2147483647;
			files = (
				6A98A1AB2F138DCC00377F38 /* Clerk in Frameworks */,
			);
			runOnlyForDeploymentPostprocessing = 0;
		};
/* End PBXFrameworksBuildPhase section */

/* Begin PBXGroup section */
		0714D986716E39D9C9D5B27D /* Onboarding */ = {
			isa = PBXGroup;
			children = (
				62D13321A833C168925DA1F4 /* Components */,
				10410F85FC7CF131F5777997 /* OnboardingModels.swift */,
			);
			name = Onboarding;
			sourceTree = "<group>";
		};
		0FE19BD85F89FC935A0CDD6A /* Settings */ = {
			isa = PBXGroup;
			children = (
				7FAAFB2735DC2B0B981F7010 /* PrivacySettingsView.swift */,
				502FF417E57171F87FB6F1B1 /* HelpCenterView.swift */,
				4FC0B2F0A0F403A956DEE0A5 /* ContactUsView.swift */,
			);
			name = Settings;
			sourceTree = "<group>";
		};
		13C84C509FD8E6EDC1311549 /* Features */ = {
			isa = PBXGroup;
			children = (
				6B3084ADDF4C0BF67E97BC50 /* Auth */,
				85DD61BF02F5A62950EBBE7F /* Home */,
				0FE19BD85F89FC935A0CDD6A /* Settings */,
				1AB0B55099C95B1109C8BBBF /* Profile */,
			);
			name = Features;
			sourceTree = "<group>";
		};
		1A256654574C24A061A2F842 /* Components */ = {
			isa = PBXGroup;
			children = (
				463781B8F234F6A4A7736F92 /* SharedPlacesView.swift */,
				1E52CF298215CD881C7C05C6 /* ProfilePlaceComponents.swift */,
			);
			name = Components;
			sourceTree = "<group>";
		};
		1AB0B55099C95B1109C8BBBF /* Profile */ = {
			isa = PBXGroup;
			children = (
				1A256654574C24A061A2F842 /* Components */,
			);
			name = Profile;
			sourceTree = "<group>";
		};
		62D13321A833C168925DA1F4 /* Components */ = {
			isa = PBXGroup;
			children = (
				353779BF23E7394904908994 /* CategoryStepViews.swift */,
				FDE3CBDC599053B314D4DA66 /* FinalStepView.swift */,
			);
			name = Components;
			sourceTree = "<group>";
		};
		6A0DD3A32EE0685600E39076 = {
			isa = PBXGroup;
			children = (
				6A0DD3AE2EE0685600E39076 /* ping-application */,
				6A0DD3AD2EE0685600E39076 /* Products */,
				13C84C509FD8E6EDC1311549 /* Features */,
			);
			sourceTree = "<group>";
		};
		6A0DD3AD2EE0685600E39076 /* Products */ = {
			isa = PBXGroup;
			children = (
				6A0DD3AC2EE0685600E39076 /* ping-application.app */,
			);
			name = Products;
			sourceTree = "<group>";
		};
		6B3084ADDF4C0BF67E97BC50 /* Auth */ = {
			isa = PBXGroup;
			children = (
				0714D986716E39D9C9D5B27D /* Onboarding */,
			);
			name = Auth;
			sourceTree = "<group>";
		};
		85DD61BF02F5A62950EBBE7F /* Home */ = {
			isa = PBXGroup;
			children = (
				1556FAE5EA8CBD0A33EC12B2 /* ForYouViewModel.swift */,
				5CD9B5D9D35840A4FA4231F3 /* FilterModels.swift */,
				E5FB0DB6D598DD962A1BD242 /* FilterComponents.swift */,
			);
			name = Home;
			sourceTree = "<group>";
		};
/* End PBXGroup section */

/* Begin PBXNativeTarget section */
		6A0DD3AB2EE0685600E39076 /* ping-application */ = {
			isa = PBXNativeTarget;
			buildConfigurationList = 6A0DD3B72EE0685700E39076 /* Build configuration list for PBXNativeTarget "ping-application" */;
			buildPhases = (
				6A0DD3A82EE0685600E39076 /* Sources */,
				6A0DD3A92EE0685600E39076 /* Frameworks */,
				6A0DD3AA2EE0685600E39076 /* Resources */,
			);
			buildRules = (
			);
			dependencies = (
			);
			fileSystemSynchronizedGroups = (
				6A0DD3AE2EE0685600E39076 /* ping-application */,
			);
			name = "ping-application";
			packageProductDependencies = (
				6A98A1AA2F138DCC00377F38 /* Clerk */,
			);
			productName = "ping-application";
			productReference = 6A0DD3AC2EE0685600E39076 /* ping-application.app */;
			productType = "com.apple.product-type.application";
		};
/* End PBXNativeTarget section */

/* Begin PBXProject section */
		6A0DD3A42EE0685600E39076 /* Project object */ = {
			isa = PBXProject;
			attributes = {
				BuildIndependentTargetsInParallel = 1;
				LastSwiftUpdateCheck = 2610;
				LastUpgradeCheck = 2610;
				TargetAttributes = {
					6A0DD3AB2EE0685600E39076 = {
						CreatedOnToolsVersion = 26.1.1;
					};
				};
			};
			buildConfigurationList = 6A0DD3A72EE0685600E39076 /* Build configuration list for PBXProject "ping-application" */;
			developmentRegion = en;
			hasScannedForEncodings = 0;
			knownRegions = (
				en,
				Base,
			);
			mainGroup = 6A0DD3A32EE0685600E39076;
			minimizedProjectReferenceProxies = 1;
			packageReferences = (
				6A98A1A92F138DCC00377F38 /* XCRemoteSwiftPackageReference "clerk-ios" */,
			);
			preferredProjectObjectVersion = 77;
			productRefGroup = 6A0DD3AD2EE0685600E39076 /* Products */;
			projectDirPath = "";
			projectRoot = "";
			targets = (
				6A0DD3AB2EE0685600E39076 /* ping-application */,
			);
		};
/* End PBXProject section */

/* Begin PBXResourcesBuildPhase section */
		6A0DD3AA2EE0685600E39076 /* Resources */ = {
			isa = PBXResourcesBuildPhase;
			buildActionMask = 2147483647;
			files = (
			);
			runOnlyForDeploymentPostprocessing = 0;
		};
/* End PBXResourcesBuildPhase section */

/* Begin PBXSourcesBuildPhase section */
		6A0DD3A82EE0685600E39076 /* Sources */ = {
			isa = PBXSourcesBuildPhase;
			buildActionMask = 2147483647;
			files = (
				0DD8851299264F06D71CAFBD /* CategoryStepViews.swift in Sources */,
				75F00618D49EA736CE68C101 /* FinalStepView.swift in Sources */,
				4747A9F40298D95A28FA3AB6 /* OnboardingModels.swift in Sources */,
				E75DABFC940A0F2C75800F6A /* ForYouViewModel.swift in Sources */,
				4A2DE2286AAECE268F56A599 /* FilterModels.swift in Sources */,
				C047897A996DCFECA7133AC6 /* FilterComponents.swift in Sources */,
				4F08B4212F71DBC5ECB79D48 /* PrivacySettingsView.swift in Sources */,
				CA74D034BD92527921DC1554 /* HelpCenterView.swift in Sources */,
				19410F0E49AC94A108B65626 /* ContactUsView.swift in Sources */,
				ED483939FA90EEF69635BBB3 /* SharedPlacesView.swift in Sources */,
				97498C7712CFF98CFA81A747 /* ProfilePlaceComponents.swift in Sources */,
			);
			runOnlyForDeploymentPostprocessing = 0;
		};
/* End PBXSourcesBuildPhase section */

/* Begin XCBuildConfiguration section */
		6A0DD3B52EE0685700E39076 /* Debug */ = {
			isa = XCBuildConfiguration;
			buildSettings = {
				ALWAYS_SEARCH_USER_PATHS = NO;
				ASSETCATALOG_COMPILER_GENERATE_SWIFT_ASSET_SYMBOL_EXTENSIONS = YES;
				CLANG_ANALYZER_NONNULL = YES;
				CLANG_ANALYZER_NUMBER_OBJECT_CONVERSION = YES_AGGRESSIVE;
				CLANG_CXX_LANGUAGE_STANDARD = "gnu++20";
				CLANG_ENABLE_MODULES = YES;
				CLANG_ENABLE_OBJC_ARC = YES;
				CLANG_ENABLE_OBJC_WEAK = YES;
				CLANG_WARN_BLOCK_CAPTURE_AUTORELEASING = YES;
				CLANG_WARN_BOOL_CONVERSION = YES;
				CLANG_WARN_COMMA = YES;
				CLANG_WARN_CONSTANT_CONVERSION = YES;
				CLANG_WARN_DEPRECATED_OBJC_IMPLEMENTATIONS = YES;
				CLANG_WARN_DIRECT_OBJC_ISA_USAGE = YES_ERROR;
				CLANG_WARN_DOCUMENTATION_COMMENTS = YES;
				CLANG_WARN_EMPTY_BODY = YES;
				CLANG_WARN_ENUM_CONVERSION = YES;
				CLANG_WARN_INFINITE_RECURSION = YES;
				CLANG_WARN_INT_CONVERSION = YES;
				CLANG_WARN_NON_LITERAL_NULL_CONVERSION = YES;
				CLANG_WARN_OBJC_IMPLICIT_RETAIN_SELF = YES;
				CLANG_WARN_OBJC_LITERAL_CONVERSION = YES;
				CLANG_WARN_OBJC_ROOT_CLASS = YES_ERROR;
				CLANG_WARN_QUOTED_INCLUDE_IN_FRAMEWORK_HEADER = YES;
				CLANG_WARN_RANGE_LOOP_ANALYSIS = YES;
				CLANG_WARN_STRICT_PROTOTYPES = YES;
				CLANG_WARN_SUSPICIOUS_MOVE = YES;
				CLANG_WARN_UNGUARDED_AVAILABILITY = YES_AGGRESSIVE;
				CLANG_WARN_UNREACHABLE_CODE = YES;
				CLANG_WARN__DUPLICATE_METHOD_MATCH = YES;
				COPY_PHASE_STRIP = NO;
				DEBUG_INFORMATION_FORMAT = dwarf;
				ENABLE_STRICT_OBJC_MSGSEND = YES;
				ENABLE_TESTABILITY = YES;
				ENABLE_USER_SCRIPT_SANDBOXING = YES;
				GCC_C_LANGUAGE_STANDARD = gnu17;
				GCC_DYNAMIC_NO_PIC = NO;
				GCC_NO_COMMON_BLOCKS = YES;
				GCC_OPTIMIZATION_LEVEL = 0;
				GCC_PREPROCESSOR_DEFINITIONS = (
					"DEBUG=1",
					"$(inherited)",
				);
				GCC_WARN_64_TO_32_BIT_CONVERSION = YES;
				GCC_WARN_ABOUT_RETURN_TYPE = YES_ERROR;
				GCC_WARN_UNDECLARED_SELECTOR = YES;
				GCC_WARN_UNINITIALIZED_AUTOS = YES_AGGRESSIVE;
				GCC_WARN_UNUSED_FUNCTION = YES;
				GCC_WARN_UNUSED_VARIABLE = YES;
				IPHONEOS_DEPLOYMENT_TARGET = 26.1;
				LOCALIZATION_PREFERS_STRING_CATALOGS = YES;
				MTL_ENABLE_DEBUG_INFO = INCLUDE_SOURCE;
				MTL_FAST_MATH = YES;
				ONLY_ACTIVE_ARCH = YES;
				SDKROOT = iphoneos;
				SWIFT_ACTIVE_COMPILATION_CONDITIONS = "DEBUG $(inherited)";
				SWIFT_OPTIMIZATION_LEVEL = "-Onone";
			};
			name = Debug;
		};
		6A0DD3B62EE0685700E39076 /* Release */ = {
			isa = XCBuildConfiguration;
			buildSettings = {
				ALWAYS_SEARCH_USER_PATHS = NO;
				ASSETCATALOG_COMPILER_GENERATE_SWIFT_ASSET_SYMBOL_EXTENSIONS = YES;
				CLANG_ANALYZER_NONNULL = YES;
				CLANG_ANALYZER_NUMBER_OBJECT_CONVERSION = YES_AGGRESSIVE;
				CLANG_CXX_LANGUAGE_STANDARD = "gnu++20";
				CLANG_ENABLE_MODULES = YES;
				CLANG_ENABLE_OBJC_ARC = YES;
				CLANG_ENABLE_OBJC_WEAK = YES;
				CLANG_WARN_BLOCK_CAPTURE_AUTORELEASING = YES;
				CLANG_WARN_BOOL_CONVERSION = YES;
				CLANG_WARN_COMMA = YES;
				CLANG_WARN_CONSTANT_CONVERSION = YES;
				CLANG_WARN_DEPRECATED_OBJC_IMPLEMENTATIONS = YES;
				CLANG_WARN_DIRECT_OBJC_ISA_USAGE = YES_ERROR;
				CLANG_WARN_DOCUMENTATION_COMMENTS = YES;
				CLANG_WARN_EMPTY_BODY = YES;
				CLANG_WARN_ENUM_CONVERSION = YES;
				CLANG_WARN_INFINITE_RECURSION = YES;
				CLANG_WARN_INT_CONVERSION = YES;
				CLANG_WARN_NON_LITERAL_NULL_CONVERSION = YES;
				CLANG_WARN_OBJC_IMPLICIT_RETAIN_SELF = YES;
				CLANG_WARN_OBJC_LITERAL_CONVERSION = YES;
				CLANG_WARN_OBJC_ROOT_CLASS = YES_ERROR;
				CLANG_WARN_QUOTED_INCLUDE_IN_FRAMEWORK_HEADER = YES;
				CLANG_WARN_RANGE_LOOP_ANALYSIS = YES;
				CLANG_WARN_STRICT_PROTOTYPES = YES;
				CLANG_WARN_SUSPICIOUS_MOVE = YES;
				CLANG_WARN_UNGUARDED_AVAILABILITY = YES_AGGRESSIVE;
				CLANG_WARN_UNREACHABLE_CODE = YES;
				CLANG_WARN__DUPLICATE_METHOD_MATCH = YES;
				COPY_PHASE_STRIP = NO;
				DEBUG_INFORMATION_FORMAT = "dwarf-with-dsym";
				ENABLE_NS_ASSERTIONS = NO;
				ENABLE_STRICT_OBJC_MSGSEND = YES;
				ENABLE_USER_SCRIPT_SANDBOXING = YES;
				GCC_C_LANGUAGE_STANDARD = gnu17;
				GCC_NO_COMMON_BLOCKS = YES;
				GCC_WARN_64_TO_32_BIT_CONVERSION = YES;
				GCC_WARN_ABOUT_RETURN_TYPE = YES_ERROR;
				GCC_WARN_UNDECLARED_SELECTOR = YES;
				GCC_WARN_UNINITIALIZED_AUTOS = YES_AGGRESSIVE;
				GCC_WARN_UNUSED_FUNCTION = YES;
				GCC_WARN_UNUSED_VARIABLE = YES;
				IPHONEOS_DEPLOYMENT_TARGET = 26.1;
				LOCALIZATION_PREFERS_STRING_CATALOGS = YES;
				MTL_ENABLE_DEBUG_INFO = NO;
				MTL_FAST_MATH = YES;
				SDKROOT = iphoneos;
				SWIFT_COMPILATION_MODE = wholemodule;
				VALIDATE_PRODUCT = YES;
			};
			name = Release;
		};
		6A0DD3B82EE0685700E39076 /* Debug */ = {
			isa = XCBuildConfiguration;
			buildSettings = {
				ASSETCATALOG_COMPILER_APPICON_NAME = AppIcon;
				ASSETCATALOG_COMPILER_GLOBAL_ACCENT_COLOR_NAME = AccentColor;
				CODE_SIGN_STYLE = Automatic;
				CURRENT_PROJECT_VERSION = 1;
				ENABLE_PREVIEWS = YES;
				GENERATE_INFOPLIST_FILE = YES;
				INFOPLIST_KEY_NSLocationAlwaysAndWhenInUseUsageDescription = "Ping needs your location to show nearby places and personalize your experience.";
				INFOPLIST_KEY_NSLocationWhenInUseUsageDescription = "Ping needs your location to show nearby places and personalize your experience.";
				INFOPLIST_KEY_UIApplicationSceneManifest_Generation = YES;
				INFOPLIST_KEY_UIApplicationSupportsIndirectInputEvents = YES;
				INFOPLIST_KEY_UILaunchScreen_Generation = YES;
				INFOPLIST_KEY_UISupportedInterfaceOrientations_iPad = "UIInterfaceOrientationPortrait UIInterfaceOrientationPortraitUpsideDown UIInterfaceOrientationLandscapeLeft UIInterfaceOrientationLandscapeRight";
				INFOPLIST_KEY_UISupportedInterfaceOrientations_iPhone = "UIInterfaceOrientationPortrait UIInterfaceOrientationLandscapeLeft UIInterfaceOrientationLandscapeRight";
				LD_RUNPATH_SEARCH_PATHS = (
					"$(inherited)",
					"@executable_path/Frameworks",
				);
				MARKETING_VERSION = 1.0;
				PRODUCT_BUNDLE_IDENTIFIER = "Ping.ping-application";
				PRODUCT_NAME = "$(TARGET_NAME)";
				STRING_CATALOG_GENERATE_SYMBOLS = YES;
				SWIFT_APPROACHABLE_CONCURRENCY = YES;
				SWIFT_DEFAULT_ACTOR_ISOLATION = MainActor;
				SWIFT_EMIT_LOC_STRINGS = YES;
				SWIFT_UPCOMING_FEATURE_MEMBER_IMPORT_VISIBILITY = YES;
				SWIFT_VERSION = 5.0;
				TARGETED_DEVICE_FAMILY = "1,2";
			};
			name = Debug;
		};
		6A0DD3B92EE0685700E39076 /* Release */ = {
			isa = XCBuildConfiguration;
			buildSettings = {
				ASSETCATALOG_COMPILER_APPICON_NAME = AppIcon;
				ASSETCATALOG_COMPILER_GLOBAL_ACCENT_COLOR_NAME = AccentColor;
				CODE_SIGN_STYLE = Automatic;
				CURRENT_PROJECT_VERSION = 1;
				ENABLE_PREVIEWS = YES;
				GENERATE_INFOPLIST_FILE = YES;
				INFOPLIST_KEY_NSLocationAlwaysAndWhenInUseUsageDescription = "Ping needs your location to show nearby places and personalize your experience.";
				INFOPLIST_KEY_NSLocationWhenInUseUsageDescription = "Ping needs your location to show nearby places and personalize your experience.";
				INFOPLIST_KEY_UIApplicationSceneManifest_Generation = YES;
				INFOPLIST_KEY_UIApplicationSupportsIndirectInputEvents = YES;
				INFOPLIST_KEY_UILaunchScreen_Generation = YES;
				INFOPLIST_KEY_UISupportedInterfaceOrientations_iPad = "UIInterfaceOrientationPortrait UIInterfaceOrientationPortraitUpsideDown UIInterfaceOrientationLandscapeLeft UIInterfaceOrientationLandscapeRight";
				INFOPLIST_KEY_UISupportedInterfaceOrientations_iPhone = "UIInterfaceOrientationPortrait UIInterfaceOrientationLandscapeLeft UIInterfaceOrientationLandscapeRight";
				LD_RUNPATH_SEARCH_PATHS = (
					"$(inherited)",
					"@executable_path/Frameworks",
				);
				MARKETING_VERSION = 1.0;
				PRODUCT_BUNDLE_IDENTIFIER = "Ping.ping-application";
				PRODUCT_NAME = "$(TARGET_NAME)";
				STRING_CATALOG_GENERATE_SYMBOLS = YES;
				SWIFT_APPROACHABLE_CONCURRENCY = YES;
				SWIFT_DEFAULT_ACTOR_ISOLATION = MainActor;
				SWIFT_EMIT_LOC_STRINGS = YES;
				SWIFT_UPCOMING_FEATURE_MEMBER_IMPORT_VISIBILITY = YES;
				SWIFT_VERSION = 5.0;
				TARGETED_DEVICE_FAMILY = "1,2";
			};
			name = Release;
		};
/* End XCBuildConfiguration section */

/* Begin XCConfigurationList section */
		6A0DD3A72EE0685600E39076 /* Build configuration list for PBXProject "ping-application" */ = {
			isa = XCConfigurationList;
			buildConfigurations = (
				6A0DD3B52EE0685700E39076 /* Debug */,
				6A0DD3B62EE0685700E39076 /* Release */,
			);
			defaultConfigurationIsVisible = 0;
			defaultConfigurationName = Release;
		};
		6A0DD3B72EE0685700E39076 /* Build configuration list for PBXNativeTarget "ping-application" */ = {
			isa = XCConfigurationList;
			buildConfigurations = (
				6A0DD3B82EE0685700E39076 /* Debug */,
				6A0DD3B92EE0685700E39076 /* Release */,
			);
			defaultConfigurationIsVisible = 0;
			defaultConfigurationName = Release;
		};
/* End XCConfigurationList section */

/* Begin XCRemoteSwiftPackageReference section */
		6A98A1A92F138DCC00377F38 /* XCRemoteSwiftPackageReference "clerk-ios" */ = {
			isa = XCRemoteSwiftPackageReference;
			repositoryURL = "https://github.com/clerk/clerk-ios";
			requirement = {
				kind = upToNextMajorVersion;
				minimumVersion = 0.71.4;
			};
		};
/* End XCRemoteSwiftPackageReference section */

/* Begin XCSwiftPackageProductDependency section */
		6A98A1AA2F138DCC00377F38 /* Clerk */ = {
			isa = XCSwiftPackageProductDependency;
			package = 6A98A1A92F138DCC00377F38 /* XCRemoteSwiftPackageReference "clerk-ios" */;
			productName = Clerk;
		};
/* End XCSwiftPackageProductDependency section */
	};
	rootObject = 6A0DD3A42EE0685600E39076 /* Project object */;
}
